
Microsoft Visual Studio Solution File, Format Version 12.00
# Visual Studio Version 17
VisualStudioVersion = 17.11.35303.130
MinimumVisualStudioVersion = 10.0.40219.1
Project("{FAE04EC0-301F-11D3-BF4B-00C04F79EFBC}") = "WcfServiceRating", "WcfServiceRating\WcfServiceRating.csproj", "{C7D7DB1D-8AC1-4DDF-83CF-3C006C0AA5D9}"
EndProject
Project("{FAE04EC0-301F-11D3-BF4B-00C04F79EFBC}") = "TryitPageRating", "TryitPageRating\TryitPageRating.csproj", "{E6FD31FD-920A-47D4-9D58-65586A08A993}"
	ProjectSection(ProjectDependencies) = postProject
		{C7D7DB1D-8AC1-4DDF-83CF-3C006C0AA5D9} = {C7D7DB1D-8AC1-4DDF-83CF-3C006C0AA5D9}
	EndProjectSection
EndProject
Project("{FAE04EC0-301F-11D3-BF4B-00C04F79EFBC}") = "OfficeHoursService", "OfficeHoursService\OfficeHoursService.csproj", "{77618A5D-8741-498A-A465-3E66C80A6A61}"
EndProject
Project("{FAE04EC0-301F-11D3-BF4B-00C04F79EFBC}") = "OfficeHours", "OfficeHours\OfficeHours.csproj", "{D501E90D-D958-45F6-BC65-FB8E7BDE64BB}"
EndProject
Project("{FAE04EC0-301F-11D3-BF4B-00C04F79EFBC}") = "FinalPages", "MemberPage\FinalPages.csproj", "{3145224F-F1BF-4C2F-A4E9-7B6F35DE0F57}"
	ProjectSection(ProjectDependencies) = postProject
		{77618A5D-8741-498A-A465-3E66C80A6A61} = {77618A5D-8741-498A-A465-3E66C80A6A61}
		{C7D7DB1D-8AC1-4DDF-83CF-3C006C0AA5D9} = {C7D7DB1D-8AC1-4DDF-83CF-3C006C0AA5D9}
	EndProjectSection
EndProject
Project("{FAE04EC0-301F-11D3-BF4B-00C04F79EFBC}") = "Comments", "Comments\Comments.csproj", "{8915060D-F7AB-41A9-826F-8D4410DD1073}"
EndProject
Project("{FAE04EC0-301F-11D3-BF4B-00C04F79EFBC}") = "SecurityLib1", "SecurityLib1\SecurityLib1.csproj", "{3DFDD31D-686A-4660-A690-BB27C430E5AE}"
EndProject
Project("{FAE04EC0-301F-11D3-BF4B-00C04F79EFBC}") = "StaffPage", "StaffPage\StaffPage.csproj", "{688E430E-18B0-47C5-9635-3960217D1842}"
EndProject
Global
	GlobalSection(SolutionConfigurationPlatforms) = preSolution
		Debug|Any CPU = Debug|Any CPU
		Release|Any CPU = Release|Any CPU
	EndGlobalSection
	GlobalSection(ProjectConfigurationPlatforms) = postSolution
		{C7D7DB1D-8AC1-4DDF-83CF-3C006C0AA5D9}.Debug|Any CPU.ActiveCfg = Debug|Any CPU
		{C7D7DB1D-8AC1-4DDF-83CF-3C006C0AA5D9}.Debug|Any CPU.Build.0 = Debug|Any CPU
		{C7D7DB1D-8AC1-4DDF-83CF-3C006C0AA5D9}.Release|Any CPU.ActiveCfg = Release|Any CPU
		{C7D7DB1D-8AC1-4DDF-83CF-3C006C0AA5D9}.Release|Any CPU.Build.0 = Release|Any CPU
		{E6FD31FD-920A-47D4-9D58-65586A08A993}.Debug|Any CPU.ActiveCfg = Debug|Any CPU
		{E6FD31FD-920A-47D4-9D58-65586A08A993}.Debug|Any CPU.Build.0 = Debug|Any CPU
		{E6FD31FD-920A-47D4-9D58-65586A08A993}.Release|Any CPU.ActiveCfg = Release|Any CPU
		{E6FD31FD-920A-47D4-9D58-65586A08A993}.Release|Any CPU.Build.0 = Release|Any CPU
		{77618A5D-8741-498A-A465-3E66C80A6A61}.Debug|Any CPU.ActiveCfg = Debug|Any CPU
		{77618A5D-8741-498A-A465-3E66C80A6A61}.Debug|Any CPU.Build.0 = Debug|Any CPU
		{77618A5D-8741-498A-A465-3E66C80A6A61}.Release|Any CPU.ActiveCfg = Release|Any CPU
		{77618A5D-8741-498A-A465-3E66C80A6A61}.Release|Any CPU.Build.0 = Release|Any CPU
		{D501E90D-D958-45F6-BC65-FB8E7BDE64BB}.Debug|Any CPU.ActiveCfg = Debug|Any CPU
		{D501E90D-D958-45F6-BC65-FB8E7BDE64BB}.Debug|Any CPU.Build.0 = Debug|Any CPU
		{D501E90D-D958-45F6-BC65-FB8E7BDE64BB}.Release|Any CPU.ActiveCfg = Release|Any CPU
		{D501E90D-D958-45F6-BC65-FB8E7BDE64BB}.Release|Any CPU.Build.0 = Release|Any CPU
		{3145224F-F1BF-4C2F-A4E9-7B6F35DE0F57}.Debug|Any CPU.ActiveCfg = Debug|Any CPU
		{3145224F-F1BF-4C2F-A4E9-7B6F35DE0F57}.Debug|Any CPU.Build.0 = Debug|Any CPU
		{3145224F-F1BF-4C2F-A4E9-7B6F35DE0F57}.Release|Any CPU.ActiveCfg = Release|Any CPU
		{3145224F-F1BF-4C2F-A4E9-7B6F35DE0F57}.Release|Any CPU.Build.0 = Release|Any CPU
		{8915060D-F7AB-41A9-826F-8D4410DD1073}.Debug|Any CPU.ActiveCfg = Debug|Any CPU
		{8915060D-F7AB-41A9-826F-8D4410DD1073}.Debug|Any CPU.Build.0 = Debug|Any CPU
		{8915060D-F7AB-41A9-826F-8D4410DD1073}.Release|Any CPU.ActiveCfg = Release|Any CPU
		{8915060D-F7AB-41A9-826F-8D4410DD1073}.Release|Any CPU.Build.0 = Release|Any CPU
		{3DFDD31D-686A-4660-A690-BB27C430E5AE}.Debug|Any CPU.ActiveCfg = Debug|Any CPU
		{3DFDD31D-686A-4660-A690-BB27C430E5AE}.Debug|Any CPU.Build.0 = Debug|Any CPU
		{3DFDD31D-686A-4660-A690-BB27C430E5AE}.Release|Any CPU.ActiveCfg = Release|Any CPU
		{3DFDD31D-686A-4660-A690-BB27C430E5AE}.Release|Any CPU.Build.0 = Release|Any CPU
		{688E430E-18B0-47C5-9635-3960217D1842}.Debug|Any CPU.ActiveCfg = Debug|Any CPU
		{688E430E-18B0-47C5-9635-3960217D1842}.Debug|Any CPU.Build.0 = Debug|Any CPU
		{688E430E-18B0-47C5-9635-3960217D1842}.Release|Any CPU.ActiveCfg = Release|Any CPU
		{688E430E-18B0-47C5-9635-3960217D1842}.Release|Any CPU.Build.0 = Release|Any CPU
	EndGlobalSection
	GlobalSection(SolutionProperties) = preSolution
		HideSolutionNode = FALSE
	EndGlobalSection
	GlobalSection(ExtensibilityGlobals) = postSolution
		SolutionGuid = {31544DE0-31DD-4BAB-80B7-FFC586FD6BEC}
	EndGlobalSection
EndGlobal
